# THIS IS AN AUTOGENERATED FILE. DO NOT EDIT THIS FILE DIRECTLY.
# yarn lockfile v1


"@vant/weapp@^1.10.2":
  version "1.10.2"
  resolved "https://registry.yarnpkg.com/@vant/weapp/-/weapp-1.10.2.tgz#013fbf2fdc6d59d9e92bb82a0f772f032fb52945"
  integrity sha512-caqA0xQxM4lMRncFsRPPVMDdEzUBCJ4xdFXuKReXpEU3qwnVIP/WIjVDIi7mWyS7xqz8C9WfSW5JL4PrlSq31w==

miniprogram-api-typings@^3.4.5:
  version "3.4.5"
  resolved "https://registry.yarnpkg.com/miniprogram-api-typings/-/miniprogram-api-typings-3.4.5.tgz#060e73b58ccc28db85ffb4ae60a838112866fb3e"
  integrity sha512-GWvMdmPhJ40PLq4/sOh+n2xGRKf2R3kcuOaSe7IRTdT+Os8lfNrJYehYdgH7IoUWqaHqV8mFEWQj5oPIGhVv4Q==
